
Microsoft Visual Studio Solution File, Format Version 12.00
# Visual Studio Version 17
VisualStudioVersion = 17.14.36414.22 d17.14
MinimumVisualStudioVersion = 10.0.40219.1
Project("{2150E333-8FDC-42A3-9474-1A3956D46DE8}") = "Task0", "Task0", "{02EA681E-C7D8-13C7-8484-4AC65E1B71E8}"
EndProject
Project("{FAE04EC0-301F-11D3-BF4B-00C04F79EFBC}") = "Tyuiu.PavlovaVV.Sprint6.Task0.V6", "Tyuiu.PavlovaVV.Sprint6.Task0.V6\Tyuiu.PavlovaVV.Sprint6.Task0.V6.csproj", "{57C2F402-7D82-45A7-8195-96F883907A53}"
EndProject
Project("{FAE04EC0-301F-11D3-BF4B-00C04F79EFBC}") = "Tyuiu.PavlovaVV.Sprint6.Task0.V6.Lib", "Tyuiu.PavlovaVV.Sprint6.Task0.V6.Lib\Tyuiu.PavlovaVV.Sprint6.Task0.V6.Lib.csproj", "{0382BFE8-7CC2-4D9B-ABCC-5138C81C650F}"
EndProject
Project("{FAE04EC0-301F-11D3-BF4B-00C04F79EFBC}") = "Tyuiu.PavlovaVV.Sprint6.Task0.V6.Test", "Tyuiu.PavlovaVV.Sprint6.Task0.V6.Test\Tyuiu.PavlovaVV.Sprint6.Task0.V6.Test.csproj", "{F5696F0C-2FC2-4E2C-B592-DE21CA24B58F}"
EndProject
Project("{2150E333-8FDC-42A3-9474-1A3956D46DE8}") = "Task1", "Task1", "{09F0C816-B683-47FA-9AAF-280E9F386699}"
EndProject
Project("{FAE04EC0-301F-11D3-BF4B-00C04F79EFBC}") = "Tyuiu.PavlovaVV.Sprint6.Task1.V10", "Tyuiu.PavlovaVV.Sprint6.Task1.V10\Tyuiu.PavlovaVV.Sprint6.Task1.V10.csproj", "{8F056BC6-7724-4D71-843B-3D6BBAA694BD}"
EndProject
Project("{FAE04EC0-301F-11D3-BF4B-00C04F79EFBC}") = "Tyuiu.PavlovaVV.Sprint6.Task1.V10.Lib", "Tyuiu.PavlovaVV.Sprint6.Task1.V10.Lib\Tyuiu.PavlovaVV.Sprint6.Task1.V10.Lib.csproj", "{5341C88B-4D7B-46E3-A704-445D64E05AF1}"
EndProject
Project("{FAE04EC0-301F-11D3-BF4B-00C04F79EFBC}") = "Tyuiu.PavlovaVV.Sprint6.Task1.V10.Test", "Tyuiu.PavlovaVV.Sprint6.Task1.V10.Test\Tyuiu.PavlovaVV.Sprint6.Task1.V10.Test.csproj", "{F43803AD-85D7-4F41-92FF-154ADEF5E54C}"
EndProject
Global
	GlobalSection(SolutionConfigurationPlatforms) = preSolution
		Debug|Any CPU = Debug|Any CPU
		Release|Any CPU = Release|Any CPU
	EndGlobalSection
	GlobalSection(ProjectConfigurationPlatforms) = postSolution
		{57C2F402-7D82-45A7-8195-96F883907A53}.Debug|Any CPU.ActiveCfg = Debug|Any CPU
		{57C2F402-7D82-45A7-8195-96F883907A53}.Debug|Any CPU.Build.0 = Debug|Any CPU
		{57C2F402-7D82-45A7-8195-96F883907A53}.Release|Any CPU.ActiveCfg = Release|Any CPU
		{57C2F402-7D82-45A7-8195-96F883907A53}.Release|Any CPU.Build.0 = Release|Any CPU
		{0382BFE8-7CC2-4D9B-ABCC-5138C81C650F}.Debug|Any CPU.ActiveCfg = Debug|Any CPU
		{0382BFE8-7CC2-4D9B-ABCC-5138C81C650F}.Debug|Any CPU.Build.0 = Debug|Any CPU
		{0382BFE8-7CC2-4D9B-ABCC-5138C81C650F}.Release|Any CPU.ActiveCfg = Release|Any CPU
		{0382BFE8-7CC2-4D9B-ABCC-5138C81C650F}.Release|Any CPU.Build.0 = Release|Any CPU
		{F5696F0C-2FC2-4E2C-B592-DE21CA24B58F}.Debug|Any CPU.ActiveCfg = Debug|Any CPU
		{F5696F0C-2FC2-4E2C-B592-DE21CA24B58F}.Debug|Any CPU.Build.0 = Debug|Any CPU
		{F5696F0C-2FC2-4E2C-B592-DE21CA24B58F}.Release|Any CPU.ActiveCfg = Release|Any CPU
		{F5696F0C-2FC2-4E2C-B592-DE21CA24B58F}.Release|Any CPU.Build.0 = Release|Any CPU
		{8F056BC6-7724-4D71-843B-3D6BBAA694BD}.Debug|Any CPU.ActiveCfg = Debug|Any CPU
		{8F056BC6-7724-4D71-843B-3D6BBAA694BD}.Debug|Any CPU.Build.0 = Debug|Any CPU
		{8F056BC6-7724-4D71-843B-3D6BBAA694BD}.Release|Any CPU.ActiveCfg = Release|Any CPU
		{8F056BC6-7724-4D71-843B-3D6BBAA694BD}.Release|Any CPU.Build.0 = Release|Any CPU
		{5341C88B-4D7B-46E3-A704-445D64E05AF1}.Debug|Any CPU.ActiveCfg = Debug|Any CPU
		{5341C88B-4D7B-46E3-A704-445D64E05AF1}.Debug|Any CPU.Build.0 = Debug|Any CPU
		{5341C88B-4D7B-46E3-A704-445D64E05AF1}.Release|Any CPU.ActiveCfg = Release|Any CPU
		{5341C88B-4D7B-46E3-A704-445D64E05AF1}.Release|Any CPU.Build.0 = Release|Any CPU
		{F43803AD-85D7-4F41-92FF-154ADEF5E54C}.Debug|Any CPU.ActiveCfg = Debug|Any CPU
		{F43803AD-85D7-4F41-92FF-154ADEF5E54C}.Debug|Any CPU.Build.0 = Debug|Any CPU
		{F43803AD-85D7-4F41-92FF-154ADEF5E54C}.Release|Any CPU.ActiveCfg = Release|Any CPU
		{F43803AD-85D7-4F41-92FF-154ADEF5E54C}.Release|Any CPU.Build.0 = Release|Any CPU
	EndGlobalSection
	GlobalSection(SolutionProperties) = preSolution
		HideSolutionNode = FALSE
	EndGlobalSection
	GlobalSection(NestedProjects) = preSolution
		{57C2F402-7D82-45A7-8195-96F883907A53} = {02EA681E-C7D8-13C7-8484-4AC65E1B71E8}
		{0382BFE8-7CC2-4D9B-ABCC-5138C81C650F} = {02EA681E-C7D8-13C7-8484-4AC65E1B71E8}
		{F5696F0C-2FC2-4E2C-B592-DE21CA24B58F} = {02EA681E-C7D8-13C7-8484-4AC65E1B71E8}
		{8F056BC6-7724-4D71-843B-3D6BBAA694BD} = {09F0C816-B683-47FA-9AAF-280E9F386699}
		{5341C88B-4D7B-46E3-A704-445D64E05AF1} = {09F0C816-B683-47FA-9AAF-280E9F386699}
		{F43803AD-85D7-4F41-92FF-154ADEF5E54C} = {09F0C816-B683-47FA-9AAF-280E9F386699}
	EndGlobalSection
	GlobalSection(ExtensibilityGlobals) = postSolution
		SolutionGuid = {F27E938F-345B-4208-9D67-1C06D9741CAD}
	EndGlobalSection
EndGlobal
