
Microsoft Visual Studio Solution File, Format Version 12.00
# Visual Studio Version 17
VisualStudioVersion = 17.14.36414.22
MinimumVisualStudioVersion = 10.0.40219.1
Project("{2150E333-8FDC-42A3-9474-1A3956D46DE8}") = "Task0", "Task0", "{02EA681E-C7D8-13C7-8484-4AC65E1B71E8}"
EndProject
Project("{FAE04EC0-301F-11D3-BF4B-00C04F79EFBC}") = "Tyuiu.PavlovaVV.Sprint6.Task0.V6", "Tyuiu.PavlovaVV.Sprint6.Task0.V6\Tyuiu.PavlovaVV.Sprint6.Task0.V6.csproj", "{57C2F402-7D82-45A7-8195-96F883907A53}"
EndProject
Project("{FAE04EC0-301F-11D3-BF4B-00C04F79EFBC}") = "Tyuiu.PavlovaVV.Sprint6.Task0.V6.Lib", "Tyuiu.PavlovaVV.Sprint6.Task0.V6.Lib\Tyuiu.PavlovaVV.Sprint6.Task0.V6.Lib.csproj", "{0382BFE8-7CC2-4D9B-ABCC-5138C81C650F}"
EndProject
Project("{FAE04EC0-301F-11D3-BF4B-00C04F79EFBC}") = "Tyuiu.PavlovaVV.Sprint6.Task0.V6.Test", "Tyuiu.PavlovaVV.Sprint6.Task0.V6.Test\Tyuiu.PavlovaVV.Sprint6.Task0.V6.Test.csproj", "{F5696F0C-2FC2-4E2C-B592-DE21CA24B58F}"
EndProject
Project("{2150E333-8FDC-42A3-9474-1A3956D46DE8}") = "Task1", "Task1", "{09F0C816-B683-47FA-9AAF-280E9F386699}"
EndProject
Project("{FAE04EC0-301F-11D3-BF4B-00C04F79EFBC}") = "Tyuiu.PavlovaVV.Sprint6.Task1.V10", "Tyuiu.PavlovaVV.Sprint6.Task1.V10\Tyuiu.PavlovaVV.Sprint6.Task1.V10.csproj", "{8F056BC6-7724-4D71-843B-3D6BBAA694BD}"
EndProject
Project("{FAE04EC0-301F-11D3-BF4B-00C04F79EFBC}") = "Tyuiu.PavlovaVV.Sprint6.Task1.V10.Lib", "Tyuiu.PavlovaVV.Sprint6.Task1.V10.Lib\Tyuiu.PavlovaVV.Sprint6.Task1.V10.Lib.csproj", "{5341C88B-4D7B-46E3-A704-445D64E05AF1}"
EndProject
Project("{FAE04EC0-301F-11D3-BF4B-00C04F79EFBC}") = "Tyuiu.PavlovaVV.Sprint6.Task1.V10.Test", "Tyuiu.PavlovaVV.Sprint6.Task1.V10.Test\Tyuiu.PavlovaVV.Sprint6.Task1.V10.Test.csproj", "{F43803AD-85D7-4F41-92FF-154ADEF5E54C}"
EndProject
Project("{2150E333-8FDC-42A3-9474-1A3956D46DE8}") = "Task2", "Task2", "{ED542297-0320-4807-BF0E-126854CADC22}"
EndProject
Project("{FAE04EC0-301F-11D3-BF4B-00C04F79EFBC}") = "Tyuiu.PavlovaVV.Sprint6.Task2.V5.Test", "Tyuiu.PavlovaVV.Sprint6.Task2.V5.Test\Tyuiu.PavlovaVV.Sprint6.Task2.V5.Test.csproj", "{C2B95E12-F567-4521-A87A-DF1F8451232F}"
EndProject
Project("{FAE04EC0-301F-11D3-BF4B-00C04F79EFBC}") = "Tyuiu.PavlovaVV.Sprint6.Task2.V5.Lib", "Tyuiu.PavlovaVV.Sprint6.Task2.V5.Lib\Tyuiu.PavlovaVV.Sprint6.Task2.V5.Lib.csproj", "{D21E5649-1D4B-4FDA-957D-F958F3FD95C5}"
EndProject
Project("{FAE04EC0-301F-11D3-BF4B-00C04F79EFBC}") = "Tyuiu.PavlovaVV.Sprint6.Task2.V5", "Tyuiu.PavlovaVV.Sprint6.Task2.V5\Tyuiu.PavlovaVV.Sprint6.Task2.V5.csproj", "{78B297BC-9968-4B5A-86AE-5A1D4019AAAC}"
EndProject
Project("{2150E333-8FDC-42A3-9474-1A3956D46DE8}") = "Task3", "Task3", "{A933FC8F-143D-4669-9C89-312E8A7A1F80}"
EndProject
Project("{FAE04EC0-301F-11D3-BF4B-00C04F79EFBC}") = "Tyuiu.PavlovaVV.Sprint6.Task3.V5.Lib", "Tyuiu.PavlovaVV.Sprint6.Task3.V5.Lib\Tyuiu.PavlovaVV.Sprint6.Task3.V5.Lib.csproj", "{1C8CABFF-CE85-433C-9EDA-1EFC04AA432C}"
EndProject
Project("{FAE04EC0-301F-11D3-BF4B-00C04F79EFBC}") = "Tyuiu.PavlovaVV.Sprint6.Task3.V5.Test", "Tyuiu.PavlovaVV.Sprint6.Task3.V5.Test\Tyuiu.PavlovaVV.Sprint6.Task3.V5.Test.csproj", "{BFB33D4B-93BB-456D-B9F2-30674EB0075F}"
EndProject
Project("{FAE04EC0-301F-11D3-BF4B-00C04F79EFBC}") = "Tyuiu.PavlovaVV.Sprint6.Task3.V5", "Tyuiu.PavlovaVV.Sprint6.Task3.V5\Tyuiu.PavlovaVV.Sprint6.Task3.V5.csproj", "{B2AD7BEC-A70B-4D7C-8AAD-0BEBEBCB8041}"
EndProject
Project("{2150E333-8FDC-42A3-9474-1A3956D46DE8}") = "Task4", "Task4", "{AF5BCB59-1653-496F-B825-55515BBBAE03}"
EndProject
Project("{FAE04EC0-301F-11D3-BF4B-00C04F79EFBC}") = "Tyuiu.PavlovaVV.Sprint6.Task4.V3.Lib", "Tyuiu.PavlovaVV.Sprint6.Task4.V3.Lib\Tyuiu.PavlovaVV.Sprint6.Task4.V3.Lib.csproj", "{A912D460-5021-4B7B-95F4-9924EC9CA2D8}"
EndProject
Project("{FAE04EC0-301F-11D3-BF4B-00C04F79EFBC}") = "Tyuiu.PavlovaVV.Sprint6.Task4.V3.Test", "Tyuiu.PavlovaVV.Sprint6.Task4.V3.Test\Tyuiu.PavlovaVV.Sprint6.Task4.V3.Test.csproj", "{48C9E9BD-8A33-48DE-AFEA-FBB0566941C0}"
EndProject
Project("{FAE04EC0-301F-11D3-BF4B-00C04F79EFBC}") = "Tyuiu.PavlovaVV.Sprint6.Task4.V3", "Tyuiu.PavlovaVV.Sprint6.Task4.V3\Tyuiu.PavlovaVV.Sprint6.Task4.V3.csproj", "{AADA4766-A987-4622-BBA9-50DF018D04E3}"
EndProject
Project("{2150E333-8FDC-42A3-9474-1A3956D46DE8}") = "Task5", "Task5", "{9F3B4FE0-028A-434F-9342-E77D9480FC5C}"
EndProject
Project("{FAE04EC0-301F-11D3-BF4B-00C04F79EFBC}") = "Tyuiu.PavlovaVV.Sprint6.Task5.V24.Lib", "Tyuiu.PavlovaVV.Sprint6.Task5.V24.Lib\Tyuiu.PavlovaVV.Sprint6.Task5.V24.Lib.csproj", "{2B3E31F7-6EDC-4842-81D7-81ABD90EA1B0}"
EndProject
Project("{FAE04EC0-301F-11D3-BF4B-00C04F79EFBC}") = "Tyuiu.PavlovaVV.Sprint6.Task5.V24.Test", "Tyuiu.PavlovaVV.Sprint6.Task5.V24.Test\Tyuiu.PavlovaVV.Sprint6.Task5.V24.Test.csproj", "{C0D872F5-0126-40ED-9B60-EA1035C30099}"
EndProject
Project("{FAE04EC0-301F-11D3-BF4B-00C04F79EFBC}") = "Tyuiu.PavlovaVV.Sprint6.Task5.V24", "Tyuiu.PavlovaVV.Sprint6.Task5.V24\Tyuiu.PavlovaVV.Sprint6.Task5.V24.csproj", "{07D13B8B-F978-42D5-8B27-04F7BA0B0916}"
EndProject
Project("{2150E333-8FDC-42A3-9474-1A3956D46DE8}") = "Task6", "Task6", "{8A01DAE0-1462-4883-A887-3B48FF92AD59}"
EndProject
Project("{FAE04EC0-301F-11D3-BF4B-00C04F79EFBC}") = "Tyuiu.PavlovaVV.Sprint6.Task6.V8.Lib", "Tyuiu.PavlovaVV.Sprint6.Task6.V8.Lib\Tyuiu.PavlovaVV.Sprint6.Task6.V8.Lib.csproj", "{3613C535-3DD0-4F9C-B462-81ACFC2480DF}"
EndProject
Project("{FAE04EC0-301F-11D3-BF4B-00C04F79EFBC}") = "Tyuiu.PavlovaVV.Sprint6.Task6.V8.Test", "Tyuiu.PavlovaVV.Sprint6.Task6.V8.Test\Tyuiu.PavlovaVV.Sprint6.Task6.V8.Test.csproj", "{6D0F9E43-7033-4838-9B5F-5848E0BDB531}"
EndProject
Project("{FAE04EC0-301F-11D3-BF4B-00C04F79EFBC}") = "Tyuiu.PavlovaVV.Sprint6.Task6.V8", "Tyuiu.PavlovaVV.Sprint6.Task6.V8\Tyuiu.PavlovaVV.Sprint6.Task6.V8.csproj", "{24F3ED38-A8A9-411F-95B9-A794FA54F6D1}"
EndProject
Project("{2150E333-8FDC-42A3-9474-1A3956D46DE8}") = "Task7", "Task7", "{2D541EF2-9D64-45E9-BBB8-FA52909A5966}"
EndProject
Project("{FAE04EC0-301F-11D3-BF4B-00C04F79EFBC}") = "Tyuiu.PavlovaVV.Sprint6.Task7.V26.Lib", "Tyuiu.PavlovaVV.Sprint6.Task7.V26.Lib\Tyuiu.PavlovaVV.Sprint6.Task7.V26.Lib.csproj", "{37B87AD2-B620-4733-A841-295C1EB3E9DE}"
EndProject
Project("{FAE04EC0-301F-11D3-BF4B-00C04F79EFBC}") = "Tyuiu.PavlovaVV.Sprint6.Task7.V26.Test", "Tyuiu.PavlovaVV.Sprint6.Task7.V26.Test\Tyuiu.PavlovaVV.Sprint6.Task7.V26.Test.csproj", "{0D51F816-9F2E-4FA0-A9DE-9B9EFC92A1A7}"
EndProject
Project("{FAE04EC0-301F-11D3-BF4B-00C04F79EFBC}") = "Tyuiu.PavlovaVV.Sprint6.Task7.V26", "Tyuiu.PavlovaVV.Sprint6.Task7.V26\Tyuiu.PavlovaVV.Sprint6.Task7.V26.csproj", "{92EBD358-6CAA-4C33-B217-3414DA5B6B1E}"
EndProject
Global
	GlobalSection(SolutionConfigurationPlatforms) = preSolution
		Debug|Any CPU = Debug|Any CPU
		Release|Any CPU = Release|Any CPU
	EndGlobalSection
	GlobalSection(ProjectConfigurationPlatforms) = postSolution
		{57C2F402-7D82-45A7-8195-96F883907A53}.Debug|Any CPU.ActiveCfg = Debug|Any CPU
		{57C2F402-7D82-45A7-8195-96F883907A53}.Debug|Any CPU.Build.0 = Debug|Any CPU
		{57C2F402-7D82-45A7-8195-96F883907A53}.Release|Any CPU.ActiveCfg = Release|Any CPU
		{57C2F402-7D82-45A7-8195-96F883907A53}.Release|Any CPU.Build.0 = Release|Any CPU
		{0382BFE8-7CC2-4D9B-ABCC-5138C81C650F}.Debug|Any CPU.ActiveCfg = Debug|Any CPU
		{0382BFE8-7CC2-4D9B-ABCC-5138C81C650F}.Debug|Any CPU.Build.0 = Debug|Any CPU
		{0382BFE8-7CC2-4D9B-ABCC-5138C81C650F}.Release|Any CPU.ActiveCfg = Release|Any CPU
		{0382BFE8-7CC2-4D9B-ABCC-5138C81C650F}.Release|Any CPU.Build.0 = Release|Any CPU
		{F5696F0C-2FC2-4E2C-B592-DE21CA24B58F}.Debug|Any CPU.ActiveCfg = Debug|Any CPU
		{F5696F0C-2FC2-4E2C-B592-DE21CA24B58F}.Debug|Any CPU.Build.0 = Debug|Any CPU
		{F5696F0C-2FC2-4E2C-B592-DE21CA24B58F}.Release|Any CPU.ActiveCfg = Release|Any CPU
		{F5696F0C-2FC2-4E2C-B592-DE21CA24B58F}.Release|Any CPU.Build.0 = Release|Any CPU
		{8F056BC6-7724-4D71-843B-3D6BBAA694BD}.Debug|Any CPU.ActiveCfg = Debug|Any CPU
		{8F056BC6-7724-4D71-843B-3D6BBAA694BD}.Debug|Any CPU.Build.0 = Debug|Any CPU
		{8F056BC6-7724-4D71-843B-3D6BBAA694BD}.Release|Any CPU.ActiveCfg = Release|Any CPU
		{8F056BC6-7724-4D71-843B-3D6BBAA694BD}.Release|Any CPU.Build.0 = Release|Any CPU
		{5341C88B-4D7B-46E3-A704-445D64E05AF1}.Debug|Any CPU.ActiveCfg = Debug|Any CPU
		{5341C88B-4D7B-46E3-A704-445D64E05AF1}.Debug|Any CPU.Build.0 = Debug|Any CPU
		{5341C88B-4D7B-46E3-A704-445D64E05AF1}.Release|Any CPU.ActiveCfg = Release|Any CPU
		{5341C88B-4D7B-46E3-A704-445D64E05AF1}.Release|Any CPU.Build.0 = Release|Any CPU
		{F43803AD-85D7-4F41-92FF-154ADEF5E54C}.Debug|Any CPU.ActiveCfg = Debug|Any CPU
		{F43803AD-85D7-4F41-92FF-154ADEF5E54C}.Debug|Any CPU.Build.0 = Debug|Any CPU
		{F43803AD-85D7-4F41-92FF-154ADEF5E54C}.Release|Any CPU.ActiveCfg = Release|Any CPU
		{F43803AD-85D7-4F41-92FF-154ADEF5E54C}.Release|Any CPU.Build.0 = Release|Any CPU
		{C2B95E12-F567-4521-A87A-DF1F8451232F}.Debug|Any CPU.ActiveCfg = Debug|Any CPU
		{C2B95E12-F567-4521-A87A-DF1F8451232F}.Debug|Any CPU.Build.0 = Debug|Any CPU
		{C2B95E12-F567-4521-A87A-DF1F8451232F}.Release|Any CPU.ActiveCfg = Release|Any CPU
		{C2B95E12-F567-4521-A87A-DF1F8451232F}.Release|Any CPU.Build.0 = Release|Any CPU
		{D21E5649-1D4B-4FDA-957D-F958F3FD95C5}.Debug|Any CPU.ActiveCfg = Debug|Any CPU
		{D21E5649-1D4B-4FDA-957D-F958F3FD95C5}.Debug|Any CPU.Build.0 = Debug|Any CPU
		{D21E5649-1D4B-4FDA-957D-F958F3FD95C5}.Release|Any CPU.ActiveCfg = Release|Any CPU
		{D21E5649-1D4B-4FDA-957D-F958F3FD95C5}.Release|Any CPU.Build.0 = Release|Any CPU
		{78B297BC-9968-4B5A-86AE-5A1D4019AAAC}.Debug|Any CPU.ActiveCfg = Debug|Any CPU
		{78B297BC-9968-4B5A-86AE-5A1D4019AAAC}.Debug|Any CPU.Build.0 = Debug|Any CPU
		{78B297BC-9968-4B5A-86AE-5A1D4019AAAC}.Release|Any CPU.ActiveCfg = Release|Any CPU
		{78B297BC-9968-4B5A-86AE-5A1D4019AAAC}.Release|Any CPU.Build.0 = Release|Any CPU
		{1C8CABFF-CE85-433C-9EDA-1EFC04AA432C}.Debug|Any CPU.ActiveCfg = Debug|Any CPU
		{1C8CABFF-CE85-433C-9EDA-1EFC04AA432C}.Debug|Any CPU.Build.0 = Debug|Any CPU
		{1C8CABFF-CE85-433C-9EDA-1EFC04AA432C}.Release|Any CPU.ActiveCfg = Release|Any CPU
		{1C8CABFF-CE85-433C-9EDA-1EFC04AA432C}.Release|Any CPU.Build.0 = Release|Any CPU
		{BFB33D4B-93BB-456D-B9F2-30674EB0075F}.Debug|Any CPU.ActiveCfg = Debug|Any CPU
		{BFB33D4B-93BB-456D-B9F2-30674EB0075F}.Debug|Any CPU.Build.0 = Debug|Any CPU
		{BFB33D4B-93BB-456D-B9F2-30674EB0075F}.Release|Any CPU.ActiveCfg = Release|Any CPU
		{BFB33D4B-93BB-456D-B9F2-30674EB0075F}.Release|Any CPU.Build.0 = Release|Any CPU
		{B2AD7BEC-A70B-4D7C-8AAD-0BEBEBCB8041}.Debug|Any CPU.ActiveCfg = Debug|Any CPU
		{B2AD7BEC-A70B-4D7C-8AAD-0BEBEBCB8041}.Debug|Any CPU.Build.0 = Debug|Any CPU
		{B2AD7BEC-A70B-4D7C-8AAD-0BEBEBCB8041}.Release|Any CPU.ActiveCfg = Release|Any CPU
		{B2AD7BEC-A70B-4D7C-8AAD-0BEBEBCB8041}.Release|Any CPU.Build.0 = Release|Any CPU
		{A912D460-5021-4B7B-95F4-9924EC9CA2D8}.Debug|Any CPU.ActiveCfg = Debug|Any CPU
		{A912D460-5021-4B7B-95F4-9924EC9CA2D8}.Debug|Any CPU.Build.0 = Debug|Any CPU
		{A912D460-5021-4B7B-95F4-9924EC9CA2D8}.Release|Any CPU.ActiveCfg = Release|Any CPU
		{A912D460-5021-4B7B-95F4-9924EC9CA2D8}.Release|Any CPU.Build.0 = Release|Any CPU
		{48C9E9BD-8A33-48DE-AFEA-FBB0566941C0}.Debug|Any CPU.ActiveCfg = Debug|Any CPU
		{48C9E9BD-8A33-48DE-AFEA-FBB0566941C0}.Debug|Any CPU.Build.0 = Debug|Any CPU
		{48C9E9BD-8A33-48DE-AFEA-FBB0566941C0}.Release|Any CPU.ActiveCfg = Release|Any CPU
		{48C9E9BD-8A33-48DE-AFEA-FBB0566941C0}.Release|Any CPU.Build.0 = Release|Any CPU
		{AADA4766-A987-4622-BBA9-50DF018D04E3}.Debug|Any CPU.ActiveCfg = Debug|Any CPU
		{AADA4766-A987-4622-BBA9-50DF018D04E3}.Debug|Any CPU.Build.0 = Debug|Any CPU
		{AADA4766-A987-4622-BBA9-50DF018D04E3}.Release|Any CPU.ActiveCfg = Release|Any CPU
		{AADA4766-A987-4622-BBA9-50DF018D04E3}.Release|Any CPU.Build.0 = Release|Any CPU
		{2B3E31F7-6EDC-4842-81D7-81ABD90EA1B0}.Debug|Any CPU.ActiveCfg = Debug|Any CPU
		{2B3E31F7-6EDC-4842-81D7-81ABD90EA1B0}.Debug|Any CPU.Build.0 = Debug|Any CPU
		{2B3E31F7-6EDC-4842-81D7-81ABD90EA1B0}.Release|Any CPU.ActiveCfg = Release|Any CPU
		{2B3E31F7-6EDC-4842-81D7-81ABD90EA1B0}.Release|Any CPU.Build.0 = Release|Any CPU
		{C0D872F5-0126-40ED-9B60-EA1035C30099}.Debug|Any CPU.ActiveCfg = Debug|Any CPU
		{C0D872F5-0126-40ED-9B60-EA1035C30099}.Debug|Any CPU.Build.0 = Debug|Any CPU
		{C0D872F5-0126-40ED-9B60-EA1035C30099}.Release|Any CPU.ActiveCfg = Release|Any CPU
		{C0D872F5-0126-40ED-9B60-EA1035C30099}.Release|Any CPU.Build.0 = Release|Any CPU
		{07D13B8B-F978-42D5-8B27-04F7BA0B0916}.Debug|Any CPU.ActiveCfg = Debug|Any CPU
		{07D13B8B-F978-42D5-8B27-04F7BA0B0916}.Debug|Any CPU.Build.0 = Debug|Any CPU
		{07D13B8B-F978-42D5-8B27-04F7BA0B0916}.Release|Any CPU.ActiveCfg = Release|Any CPU
		{07D13B8B-F978-42D5-8B27-04F7BA0B0916}.Release|Any CPU.Build.0 = Release|Any CPU
		{3613C535-3DD0-4F9C-B462-81ACFC2480DF}.Debug|Any CPU.ActiveCfg = Debug|Any CPU
		{3613C535-3DD0-4F9C-B462-81ACFC2480DF}.Debug|Any CPU.Build.0 = Debug|Any CPU
		{3613C535-3DD0-4F9C-B462-81ACFC2480DF}.Release|Any CPU.ActiveCfg = Release|Any CPU
		{3613C535-3DD0-4F9C-B462-81ACFC2480DF}.Release|Any CPU.Build.0 = Release|Any CPU
		{6D0F9E43-7033-4838-9B5F-5848E0BDB531}.Debug|Any CPU.ActiveCfg = Debug|Any CPU
		{6D0F9E43-7033-4838-9B5F-5848E0BDB531}.Debug|Any CPU.Build.0 = Debug|Any CPU
		{6D0F9E43-7033-4838-9B5F-5848E0BDB531}.Release|Any CPU.ActiveCfg = Release|Any CPU
		{6D0F9E43-7033-4838-9B5F-5848E0BDB531}.Release|Any CPU.Build.0 = Release|Any CPU
		{24F3ED38-A8A9-411F-95B9-A794FA54F6D1}.Debug|Any CPU.ActiveCfg = Debug|Any CPU
		{24F3ED38-A8A9-411F-95B9-A794FA54F6D1}.Debug|Any CPU.Build.0 = Debug|Any CPU
		{24F3ED38-A8A9-411F-95B9-A794FA54F6D1}.Release|Any CPU.ActiveCfg = Release|Any CPU
		{24F3ED38-A8A9-411F-95B9-A794FA54F6D1}.Release|Any CPU.Build.0 = Release|Any CPU
		{37B87AD2-B620-4733-A841-295C1EB3E9DE}.Debug|Any CPU.ActiveCfg = Debug|Any CPU
		{37B87AD2-B620-4733-A841-295C1EB3E9DE}.Debug|Any CPU.Build.0 = Debug|Any CPU
		{37B87AD2-B620-4733-A841-295C1EB3E9DE}.Release|Any CPU.ActiveCfg = Release|Any CPU
		{37B87AD2-B620-4733-A841-295C1EB3E9DE}.Release|Any CPU.Build.0 = Release|Any CPU
		{0D51F816-9F2E-4FA0-A9DE-9B9EFC92A1A7}.Debug|Any CPU.ActiveCfg = Debug|Any CPU
		{0D51F816-9F2E-4FA0-A9DE-9B9EFC92A1A7}.Debug|Any CPU.Build.0 = Debug|Any CPU
		{0D51F816-9F2E-4FA0-A9DE-9B9EFC92A1A7}.Release|Any CPU.ActiveCfg = Release|Any CPU
		{0D51F816-9F2E-4FA0-A9DE-9B9EFC92A1A7}.Release|Any CPU.Build.0 = Release|Any CPU
		{92EBD358-6CAA-4C33-B217-3414DA5B6B1E}.Debug|Any CPU.ActiveCfg = Debug|Any CPU
		{92EBD358-6CAA-4C33-B217-3414DA5B6B1E}.Debug|Any CPU.Build.0 = Debug|Any CPU
		{92EBD358-6CAA-4C33-B217-3414DA5B6B1E}.Release|Any CPU.ActiveCfg = Release|Any CPU
		{92EBD358-6CAA-4C33-B217-3414DA5B6B1E}.Release|Any CPU.Build.0 = Release|Any CPU
	EndGlobalSection
	GlobalSection(SolutionProperties) = preSolution
		HideSolutionNode = FALSE
	EndGlobalSection
	GlobalSection(NestedProjects) = preSolution
		{57C2F402-7D82-45A7-8195-96F883907A53} = {02EA681E-C7D8-13C7-8484-4AC65E1B71E8}
		{0382BFE8-7CC2-4D9B-ABCC-5138C81C650F} = {02EA681E-C7D8-13C7-8484-4AC65E1B71E8}
		{F5696F0C-2FC2-4E2C-B592-DE21CA24B58F} = {02EA681E-C7D8-13C7-8484-4AC65E1B71E8}
		{8F056BC6-7724-4D71-843B-3D6BBAA694BD} = {09F0C816-B683-47FA-9AAF-280E9F386699}
		{5341C88B-4D7B-46E3-A704-445D64E05AF1} = {09F0C816-B683-47FA-9AAF-280E9F386699}
		{F43803AD-85D7-4F41-92FF-154ADEF5E54C} = {09F0C816-B683-47FA-9AAF-280E9F386699}
		{C2B95E12-F567-4521-A87A-DF1F8451232F} = {ED542297-0320-4807-BF0E-126854CADC22}
		{D21E5649-1D4B-4FDA-957D-F958F3FD95C5} = {ED542297-0320-4807-BF0E-126854CADC22}
		{78B297BC-9968-4B5A-86AE-5A1D4019AAAC} = {ED542297-0320-4807-BF0E-126854CADC22}
		{1C8CABFF-CE85-433C-9EDA-1EFC04AA432C} = {A933FC8F-143D-4669-9C89-312E8A7A1F80}
		{BFB33D4B-93BB-456D-B9F2-30674EB0075F} = {A933FC8F-143D-4669-9C89-312E8A7A1F80}
		{B2AD7BEC-A70B-4D7C-8AAD-0BEBEBCB8041} = {A933FC8F-143D-4669-9C89-312E8A7A1F80}
		{A912D460-5021-4B7B-95F4-9924EC9CA2D8} = {AF5BCB59-1653-496F-B825-55515BBBAE03}
		{48C9E9BD-8A33-48DE-AFEA-FBB0566941C0} = {AF5BCB59-1653-496F-B825-55515BBBAE03}
		{AADA4766-A987-4622-BBA9-50DF018D04E3} = {AF5BCB59-1653-496F-B825-55515BBBAE03}
		{2B3E31F7-6EDC-4842-81D7-81ABD90EA1B0} = {9F3B4FE0-028A-434F-9342-E77D9480FC5C}
		{C0D872F5-0126-40ED-9B60-EA1035C30099} = {9F3B4FE0-028A-434F-9342-E77D9480FC5C}
		{07D13B8B-F978-42D5-8B27-04F7BA0B0916} = {9F3B4FE0-028A-434F-9342-E77D9480FC5C}
		{3613C535-3DD0-4F9C-B462-81ACFC2480DF} = {8A01DAE0-1462-4883-A887-3B48FF92AD59}
		{6D0F9E43-7033-4838-9B5F-5848E0BDB531} = {8A01DAE0-1462-4883-A887-3B48FF92AD59}
		{24F3ED38-A8A9-411F-95B9-A794FA54F6D1} = {8A01DAE0-1462-4883-A887-3B48FF92AD59}
		{37B87AD2-B620-4733-A841-295C1EB3E9DE} = {2D541EF2-9D64-45E9-BBB8-FA52909A5966}
		{0D51F816-9F2E-4FA0-A9DE-9B9EFC92A1A7} = {2D541EF2-9D64-45E9-BBB8-FA52909A5966}
		{92EBD358-6CAA-4C33-B217-3414DA5B6B1E} = {2D541EF2-9D64-45E9-BBB8-FA52909A5966}
	EndGlobalSection
	GlobalSection(ExtensibilityGlobals) = postSolution
		SolutionGuid = {F27E938F-345B-4208-9D67-1C06D9741CAD}
	EndGlobalSection
EndGlobal
